
Microsoft Visual Studio Solution File, Format Version 12.00
# Visual Studio Version 16
VisualStudioVersion = 16.0.30320.27
MinimumVisualStudioVersion = 10.0.40219.1
Project("{2150E333-8FDC-42A3-9474-1A3956D46DE8}") = "HardwareAbstractionLayer", "HardwareAbstractionLayer", "{73764B87-25AB-46B6-B9BD-62BDB8DFF29C}"
EndProject
Project("{9A19103F-16F7-4668-BE54-9A1E7A4F7556}") = "HAL.ControlLine", "HAL.ControlLine\HAL.ControlLine.csproj", "{174A753F-0620-4237-BDFD-46E1D9475103}"
EndProject
Project("{2150E333-8FDC-42A3-9474-1A3956D46DE8}") = "Bootstrapping", "Bootstrapping", "{AB571DB7-9CD8-4B28-B42A-0E266727EB4E}"
EndProject
Project("{FAE04EC0-301F-11D3-BF4B-00C04F79EFBC}") = "Bootstrapping.Main", "Bootstrapping.Main\Bootstrapping.Main.csproj", "{AC2F7F62-D5C8-4BEE-BDD9-6C51E44C5682}"
EndProject
Project("{FAE04EC0-301F-11D3-BF4B-00C04F79EFBC}") = "Tests.Unit.HAL.ControlLine", "Tests.Unit.HAL.ControlLine\Tests.Unit.HAL.ControlLine.csproj", "{71E53473-59D5-429B-92FD-50862AB3D2A5}"
EndProject
Project("{FAE04EC0-301F-11D3-BF4B-00C04F79EFBC}") = "Crosscutting.ApplicationConfiguration.Enviroment", "Crosscutting.ApplicationConfiguration.Enviroment\Crosscutting.ApplicationConfiguration.Enviroment.csproj", "{691570C1-D483-400F-B549-BE320A9C0F2C}"
EndProject
Project("{2150E333-8FDC-42A3-9474-1A3956D46DE8}") = "Crosscutting", "Crosscutting", "{484F1C17-5C01-4208-B01A-F5A4EDDA88E5}"
EndProject
Project("{FAE04EC0-301F-11D3-BF4B-00C04F79EFBC}") = "Crosscutting.CodeContracts", "Crosscutting.CodeContracts\Crosscutting.CodeContracts.csproj", "{FD5E1E31-BF49-4443-A167-2175797280EC}"
EndProject
Project("{FAE04EC0-301F-11D3-BF4B-00C04F79EFBC}") = "Crosscutting.UnitTest", "Crosscutting.UnitTest\Crosscutting.UnitTest.csproj", "{25AA9CD7-E622-47C9-88A0-3659C28176BD}"
EndProject
Project("{FAE04EC0-301F-11D3-BF4B-00C04F79EFBC}") = "Tests.Fakes.HAL.FakeHardwareComs", "Tests.Fakes.HAL.FakeHardwareComs\Tests.Fakes.HAL.FakeHardwareComs.csproj", "{B5D9D39F-9186-4EA2-A49E-38E791D33D9B}"
EndProject
Project("{FAE04EC0-301F-11D3-BF4B-00C04F79EFBC}") = "Crosscutting.Sockets", "Crosscutting.Sockets\Crosscutting.Sockets.csproj", "{4CB7DB23-C092-4815-B930-105C08E7B14B}"
EndProject
Project("{FAE04EC0-301F-11D3-BF4B-00C04F79EFBC}") = "Crosscutting.Threading", "Crosscutting.Threading\Crosscutting.Threading.csproj", "{D78C0111-1A32-45BD-8D51-5CFC5FE8254A}"
EndProject
Project("{FAE04EC0-301F-11D3-BF4B-00C04F79EFBC}") = "Tests.Integration.HAL.FakeHardwareComs", "Tests.Integration.HAL.FakeHardwareComs\Tests.Integration.HAL.FakeHardwareComs.csproj", "{0374CA17-8B89-447B-9095-D065808AEC75}"
EndProject
Project("{FAE04EC0-301F-11D3-BF4B-00C04F79EFBC}") = "Tests.Integration.HAL.ControlLine", "Tests.Integration.HAL.ControlLine\Tests.Integration.HAL.ControlLine.csproj", "{DCB36858-CD6F-457D-9AC2-E6A4171EAD2E}"
EndProject
Project("{FAE04EC0-301F-11D3-BF4B-00C04F79EFBC}") = "HAL.Operations", "HAL.Operations\HAL.Operations.csproj", "{7A5EA8A9-7468-4655-B022-DEDCDCBEEEE4}"
EndProject
Project("{FAE04EC0-301F-11D3-BF4B-00C04F79EFBC}") = "Tests.Unit.HAL.Operations", "Tests.Unit.HAL.Operations\Tests.Unit.HAL.Operations.csproj", "{23AAA937-F2DF-4E2D-9A74-EFF6065C7757}"
EndProject
Project("{FAE04EC0-301F-11D3-BF4B-00C04F79EFBC}") = "HAL.Models", "HAL.Models\HAL.Models.csproj", "{F9B4C4B3-4BFA-42D5-A9E3-4B16BD120C01}"
EndProject
Project("{FAE04EC0-301F-11D3-BF4B-00C04F79EFBC}") = "Tests.Integration.HAL.Operations", "Tests.Integration.HAL.Operations\Tests.Integration.HAL.Operations.csproj", "{4F2E81D4-59DB-4E41-BA42-3AE9FC2F5C4C}"
EndProject
Project("{2150E333-8FDC-42A3-9474-1A3956D46DE8}") = "BusinessLogicLayer", "BusinessLogicLayer", "{5E937C74-6FC6-4F91-84B8-A086FB3A106C}"
EndProject
Project("{FAE04EC0-301F-11D3-BF4B-00C04F79EFBC}") = "BLL.HardwareModules.Door", "BLL.HardwareModules.Door\BLL.HardwareModules.Door.csproj", "{82AAF288-AF8E-4F96-9833-1414985B9FEB}"
EndProject
Project("{FAE04EC0-301F-11D3-BF4B-00C04F79EFBC}") = "Crosscutting.Sequencing", "Crosscutting.Sequencing\Crosscutting.Sequencing.csproj", "{2F88047E-4268-43EF-A448-EA7123B1FB76}"
EndProject
Project("{FAE04EC0-301F-11D3-BF4B-00C04F79EFBC}") = "Tests.Unit.BLL.HardwareModules.Door", "Tests.Unit.BLL.HardwareModules.Door\Tests.Unit.BLL.HardwareModules.Door.csproj", "{D35BEAA7-322D-4FEE-95B4-48F71828DA21}"
EndProject
Project("{FAE04EC0-301F-11D3-BF4B-00C04F79EFBC}") = "Tests.Unit.BLL.HardwareModules.Light", "Tests.Unit.BLL.HardwareModules.Light\Tests.Unit.BLL.HardwareModules.Light.csproj", "{9E53F5CE-B53D-4FDA-AF47-79F834D7FD61}"
EndProject
Project("{FAE04EC0-301F-11D3-BF4B-00C04F79EFBC}") = "BLL.HardwareModules.Light", "BLL.HardwareModules.Light\BLL.HardwareModules.Light.csproj", "{B3DB32DD-A20A-49B0-8DAE-156078F73915}"
EndProject
Project("{FAE04EC0-301F-11D3-BF4B-00C04F79EFBC}") = "Tests.Integration.Crosscutting.Sequencing", "Tests.Integration.Crosscutting.Sequencing\Tests.Integration.Crosscutting.Sequencing.csproj", "{E604EA36-76D5-48B3-85B2-B63DF55F6B28}"
EndProject
Project("{FAE04EC0-301F-11D3-BF4B-00C04F79EFBC}") = "Crosscutting.DateTime", "Crosscutting.DateTime\Crosscutting.DateTime.csproj", "{8AB51967-84D5-4EA1-BD68-F18F1F5BDA48}"
EndProject
Project("{FAE04EC0-301F-11D3-BF4B-00C04F79EFBC}") = "BLL.FunctionalModules.CoupEntrance", "BLL.FunctionalModules.CoupEntrance\BLL.FunctionalModules.CoupEntrance.csproj", "{B23FC4C0-162B-4EB7-9F7A-CC8631D85F95}"
EndProject
Project("{FAE04EC0-301F-11D3-BF4B-00C04F79EFBC}") = "Tests.Integration.BLL.FunctionalModules.Coup", "Tests.Integration.BLL.FunctionalModules.Coup\Tests.Integration.BLL.FunctionalModules.Coup.csproj", "{688ACFAA-E88D-43F4-88AA-6A065B82F5BB}"
EndProject
Project("{2150E333-8FDC-42A3-9474-1A3956D46DE8}") = "Tests", "Tests", "{D95A678D-E8F3-4A14-906A-77E09FB752BD}"
EndProject
Project("{2150E333-8FDC-42A3-9474-1A3956D46DE8}") = "Tests.Unit", "Tests.Unit", "{892CD86F-5477-4AFC-A069-301ACCABF8CF}"
EndProject
Project("{2150E333-8FDC-42A3-9474-1A3956D46DE8}") = "Tests.Integration", "Tests.Integration", "{701E5E59-9CE4-45C0-88D2-0C6BF84CAC56}"
EndProject
Project("{FAE04EC0-301F-11D3-BF4B-00C04F79EFBC}") = "Bootstrapping.Services.Contract.HAL", "Bootstrapping.Services.Contract.HAL\Bootstrapping.Services.Contract.HAL.csproj", "{B09EBF0A-A19C-45EA-8634-7A11DC186103}"
EndProject
Project("{FAE04EC0-301F-11D3-BF4B-00C04F79EFBC}") = "Bootstrapping.Services.Contract.BLL", "Bootstrapping.Services.Contract.BLL\Bootstrapping.Services.Contract.BLL.csproj", "{C02683BB-C2E2-4414-928E-357031EB7CFC}"
EndProject
Project("{FAE04EC0-301F-11D3-BF4B-00C04F79EFBC}") = "Bootstrapping.Services.Contract.Crosscutting", "Bootstrapping.Services.Contract.Crosscutting\Bootstrapping.Services.Contract.Crosscutting.csproj", "{9DEC79AC-BF29-42A2-85D0-29AA01744BA6}"
EndProject
Project("{2150E333-8FDC-42A3-9474-1A3956D46DE8}") = "Bootstrapping.Services", "Bootstrapping.Services", "{3B4A0D27-BDA5-4D2E-AE86-B6007996257C}"
EndProject
Project("{2150E333-8FDC-42A3-9474-1A3956D46DE8}") = "BLL.FunctionalModules", "BLL.FunctionalModules", "{887D7908-EA6A-43A0-86A4-FC7C5C945198}"
EndProject
Project("{2150E333-8FDC-42A3-9474-1A3956D46DE8}") = "BLL.HardwareModules", "BLL.HardwareModules", "{F08BE693-42BA-4823-9DBB-E0BD0972AB7B}"
EndProject
Project("{2150E333-8FDC-42A3-9474-1A3956D46DE8}") = "Crosscutting.Libraries", "Crosscutting.Libraries", "{CAC223F6-EC8D-44BD-BEB3-198141F9AD1F}"
EndProject
Project("{2150E333-8FDC-42A3-9474-1A3956D46DE8}") = "Tests.Acceptance", "Tests.Acceptance", "{C79464C5-C321-4858-92F2-5BD1F547A308}"
EndProject
Project("{FAE04EC0-301F-11D3-BF4B-00C04F79EFBC}") = "Crosscutting.Monitoring", "Crosscutting.Monitoring\Crosscutting.Monitoring.csproj", "{10A194F9-2EE7-4A79-813F-E5EDB9C8384E}"
EndProject
Project("{FAE04EC0-301F-11D3-BF4B-00C04F79EFBC}") = "Bootstrapping.Services.Contract.Crosscutting.Utils", "Bootstrapping.Services.Contract.Crosscutting.Utils\Bootstrapping.Services.Contract.Crosscutting.Utils.csproj", "{338D5E7E-EBE7-45E2-BE73-0FC802FC4019}"
EndProject
Global
	GlobalSection(SolutionConfigurationPlatforms) = preSolution
		Debug|Any CPU = Debug|Any CPU
		Release|Any CPU = Release|Any CPU
	EndGlobalSection
	GlobalSection(ProjectConfigurationPlatforms) = postSolution
		{174A753F-0620-4237-BDFD-46E1D9475103}.Debug|Any CPU.ActiveCfg = Debug|Any CPU
		{174A753F-0620-4237-BDFD-46E1D9475103}.Debug|Any CPU.Build.0 = Debug|Any CPU
		{174A753F-0620-4237-BDFD-46E1D9475103}.Release|Any CPU.ActiveCfg = Release|Any CPU
		{174A753F-0620-4237-BDFD-46E1D9475103}.Release|Any CPU.Build.0 = Release|Any CPU
		{AC2F7F62-D5C8-4BEE-BDD9-6C51E44C5682}.Debug|Any CPU.ActiveCfg = Debug|Any CPU
		{AC2F7F62-D5C8-4BEE-BDD9-6C51E44C5682}.Debug|Any CPU.Build.0 = Debug|Any CPU
		{AC2F7F62-D5C8-4BEE-BDD9-6C51E44C5682}.Release|Any CPU.ActiveCfg = Release|Any CPU
		{AC2F7F62-D5C8-4BEE-BDD9-6C51E44C5682}.Release|Any CPU.Build.0 = Release|Any CPU
		{71E53473-59D5-429B-92FD-50862AB3D2A5}.Debug|Any CPU.ActiveCfg = Debug|Any CPU
		{71E53473-59D5-429B-92FD-50862AB3D2A5}.Debug|Any CPU.Build.0 = Debug|Any CPU
		{71E53473-59D5-429B-92FD-50862AB3D2A5}.Release|Any CPU.ActiveCfg = Release|Any CPU
		{71E53473-59D5-429B-92FD-50862AB3D2A5}.Release|Any CPU.Build.0 = Release|Any CPU
		{691570C1-D483-400F-B549-BE320A9C0F2C}.Debug|Any CPU.ActiveCfg = Debug|Any CPU
		{691570C1-D483-400F-B549-BE320A9C0F2C}.Debug|Any CPU.Build.0 = Debug|Any CPU
		{691570C1-D483-400F-B549-BE320A9C0F2C}.Release|Any CPU.ActiveCfg = Release|Any CPU
		{691570C1-D483-400F-B549-BE320A9C0F2C}.Release|Any CPU.Build.0 = Release|Any CPU
		{FD5E1E31-BF49-4443-A167-2175797280EC}.Debug|Any CPU.ActiveCfg = Debug|Any CPU
		{FD5E1E31-BF49-4443-A167-2175797280EC}.Debug|Any CPU.Build.0 = Debug|Any CPU
		{FD5E1E31-BF49-4443-A167-2175797280EC}.Release|Any CPU.ActiveCfg = Release|Any CPU
		{FD5E1E31-BF49-4443-A167-2175797280EC}.Release|Any CPU.Build.0 = Release|Any CPU
		{25AA9CD7-E622-47C9-88A0-3659C28176BD}.Debug|Any CPU.ActiveCfg = Debug|Any CPU
		{25AA9CD7-E622-47C9-88A0-3659C28176BD}.Debug|Any CPU.Build.0 = Debug|Any CPU
		{25AA9CD7-E622-47C9-88A0-3659C28176BD}.Release|Any CPU.ActiveCfg = Release|Any CPU
		{25AA9CD7-E622-47C9-88A0-3659C28176BD}.Release|Any CPU.Build.0 = Release|Any CPU
		{B5D9D39F-9186-4EA2-A49E-38E791D33D9B}.Debug|Any CPU.ActiveCfg = Debug|Any CPU
		{B5D9D39F-9186-4EA2-A49E-38E791D33D9B}.Debug|Any CPU.Build.0 = Debug|Any CPU
		{B5D9D39F-9186-4EA2-A49E-38E791D33D9B}.Release|Any CPU.ActiveCfg = Release|Any CPU
		{B5D9D39F-9186-4EA2-A49E-38E791D33D9B}.Release|Any CPU.Build.0 = Release|Any CPU
		{4CB7DB23-C092-4815-B930-105C08E7B14B}.Debug|Any CPU.ActiveCfg = Debug|Any CPU
		{4CB7DB23-C092-4815-B930-105C08E7B14B}.Debug|Any CPU.Build.0 = Debug|Any CPU
		{4CB7DB23-C092-4815-B930-105C08E7B14B}.Release|Any CPU.ActiveCfg = Release|Any CPU
		{4CB7DB23-C092-4815-B930-105C08E7B14B}.Release|Any CPU.Build.0 = Release|Any CPU
		{D78C0111-1A32-45BD-8D51-5CFC5FE8254A}.Debug|Any CPU.ActiveCfg = Debug|Any CPU
		{D78C0111-1A32-45BD-8D51-5CFC5FE8254A}.Debug|Any CPU.Build.0 = Debug|Any CPU
		{D78C0111-1A32-45BD-8D51-5CFC5FE8254A}.Release|Any CPU.ActiveCfg = Release|Any CPU
		{D78C0111-1A32-45BD-8D51-5CFC5FE8254A}.Release|Any CPU.Build.0 = Release|Any CPU
		{0374CA17-8B89-447B-9095-D065808AEC75}.Debug|Any CPU.ActiveCfg = Debug|Any CPU
		{0374CA17-8B89-447B-9095-D065808AEC75}.Debug|Any CPU.Build.0 = Debug|Any CPU
		{0374CA17-8B89-447B-9095-D065808AEC75}.Release|Any CPU.ActiveCfg = Release|Any CPU
		{0374CA17-8B89-447B-9095-D065808AEC75}.Release|Any CPU.Build.0 = Release|Any CPU
		{DCB36858-CD6F-457D-9AC2-E6A4171EAD2E}.Debug|Any CPU.ActiveCfg = Debug|Any CPU
		{DCB36858-CD6F-457D-9AC2-E6A4171EAD2E}.Debug|Any CPU.Build.0 = Debug|Any CPU
		{DCB36858-CD6F-457D-9AC2-E6A4171EAD2E}.Release|Any CPU.ActiveCfg = Release|Any CPU
		{DCB36858-CD6F-457D-9AC2-E6A4171EAD2E}.Release|Any CPU.Build.0 = Release|Any CPU
		{7A5EA8A9-7468-4655-B022-DEDCDCBEEEE4}.Debug|Any CPU.ActiveCfg = Debug|Any CPU
		{7A5EA8A9-7468-4655-B022-DEDCDCBEEEE4}.Debug|Any CPU.Build.0 = Debug|Any CPU
		{7A5EA8A9-7468-4655-B022-DEDCDCBEEEE4}.Release|Any CPU.ActiveCfg = Release|Any CPU
		{7A5EA8A9-7468-4655-B022-DEDCDCBEEEE4}.Release|Any CPU.Build.0 = Release|Any CPU
		{23AAA937-F2DF-4E2D-9A74-EFF6065C7757}.Debug|Any CPU.ActiveCfg = Debug|Any CPU
		{23AAA937-F2DF-4E2D-9A74-EFF6065C7757}.Debug|Any CPU.Build.0 = Debug|Any CPU
		{23AAA937-F2DF-4E2D-9A74-EFF6065C7757}.Release|Any CPU.ActiveCfg = Release|Any CPU
		{23AAA937-F2DF-4E2D-9A74-EFF6065C7757}.Release|Any CPU.Build.0 = Release|Any CPU
		{F9B4C4B3-4BFA-42D5-A9E3-4B16BD120C01}.Debug|Any CPU.ActiveCfg = Debug|Any CPU
		{F9B4C4B3-4BFA-42D5-A9E3-4B16BD120C01}.Debug|Any CPU.Build.0 = Debug|Any CPU
		{F9B4C4B3-4BFA-42D5-A9E3-4B16BD120C01}.Release|Any CPU.ActiveCfg = Release|Any CPU
		{F9B4C4B3-4BFA-42D5-A9E3-4B16BD120C01}.Release|Any CPU.Build.0 = Release|Any CPU
		{4F2E81D4-59DB-4E41-BA42-3AE9FC2F5C4C}.Debug|Any CPU.ActiveCfg = Debug|Any CPU
		{4F2E81D4-59DB-4E41-BA42-3AE9FC2F5C4C}.Debug|Any CPU.Build.0 = Debug|Any CPU
		{4F2E81D4-59DB-4E41-BA42-3AE9FC2F5C4C}.Release|Any CPU.ActiveCfg = Release|Any CPU
		{4F2E81D4-59DB-4E41-BA42-3AE9FC2F5C4C}.Release|Any CPU.Build.0 = Release|Any CPU
		{82AAF288-AF8E-4F96-9833-1414985B9FEB}.Debug|Any CPU.ActiveCfg = Debug|Any CPU
		{82AAF288-AF8E-4F96-9833-1414985B9FEB}.Debug|Any CPU.Build.0 = Debug|Any CPU
		{82AAF288-AF8E-4F96-9833-1414985B9FEB}.Release|Any CPU.ActiveCfg = Release|Any CPU
		{82AAF288-AF8E-4F96-9833-1414985B9FEB}.Release|Any CPU.Build.0 = Release|Any CPU
		{2F88047E-4268-43EF-A448-EA7123B1FB76}.Debug|Any CPU.ActiveCfg = Debug|Any CPU
		{2F88047E-4268-43EF-A448-EA7123B1FB76}.Debug|Any CPU.Build.0 = Debug|Any CPU
		{2F88047E-4268-43EF-A448-EA7123B1FB76}.Release|Any CPU.ActiveCfg = Release|Any CPU
		{2F88047E-4268-43EF-A448-EA7123B1FB76}.Release|Any CPU.Build.0 = Release|Any CPU
		{D35BEAA7-322D-4FEE-95B4-48F71828DA21}.Debug|Any CPU.ActiveCfg = Debug|Any CPU
		{D35BEAA7-322D-4FEE-95B4-48F71828DA21}.Debug|Any CPU.Build.0 = Debug|Any CPU
		{D35BEAA7-322D-4FEE-95B4-48F71828DA21}.Release|Any CPU.ActiveCfg = Release|Any CPU
		{D35BEAA7-322D-4FEE-95B4-48F71828DA21}.Release|Any CPU.Build.0 = Release|Any CPU
		{9E53F5CE-B53D-4FDA-AF47-79F834D7FD61}.Debug|Any CPU.ActiveCfg = Debug|Any CPU
		{9E53F5CE-B53D-4FDA-AF47-79F834D7FD61}.Debug|Any CPU.Build.0 = Debug|Any CPU
		{9E53F5CE-B53D-4FDA-AF47-79F834D7FD61}.Release|Any CPU.ActiveCfg = Release|Any CPU
		{9E53F5CE-B53D-4FDA-AF47-79F834D7FD61}.Release|Any CPU.Build.0 = Release|Any CPU
		{B3DB32DD-A20A-49B0-8DAE-156078F73915}.Debug|Any CPU.ActiveCfg = Debug|Any CPU
		{B3DB32DD-A20A-49B0-8DAE-156078F73915}.Debug|Any CPU.Build.0 = Debug|Any CPU
		{B3DB32DD-A20A-49B0-8DAE-156078F73915}.Release|Any CPU.ActiveCfg = Release|Any CPU
		{B3DB32DD-A20A-49B0-8DAE-156078F73915}.Release|Any CPU.Build.0 = Release|Any CPU
		{E604EA36-76D5-48B3-85B2-B63DF55F6B28}.Debug|Any CPU.ActiveCfg = Debug|Any CPU
		{E604EA36-76D5-48B3-85B2-B63DF55F6B28}.Debug|Any CPU.Build.0 = Debug|Any CPU
		{E604EA36-76D5-48B3-85B2-B63DF55F6B28}.Release|Any CPU.ActiveCfg = Release|Any CPU
		{E604EA36-76D5-48B3-85B2-B63DF55F6B28}.Release|Any CPU.Build.0 = Release|Any CPU
		{8AB51967-84D5-4EA1-BD68-F18F1F5BDA48}.Debug|Any CPU.ActiveCfg = Debug|Any CPU
		{8AB51967-84D5-4EA1-BD68-F18F1F5BDA48}.Debug|Any CPU.Build.0 = Debug|Any CPU
		{8AB51967-84D5-4EA1-BD68-F18F1F5BDA48}.Release|Any CPU.ActiveCfg = Release|Any CPU
		{8AB51967-84D5-4EA1-BD68-F18F1F5BDA48}.Release|Any CPU.Build.0 = Release|Any CPU
		{B23FC4C0-162B-4EB7-9F7A-CC8631D85F95}.Debug|Any CPU.ActiveCfg = Debug|Any CPU
		{B23FC4C0-162B-4EB7-9F7A-CC8631D85F95}.Debug|Any CPU.Build.0 = Debug|Any CPU
		{B23FC4C0-162B-4EB7-9F7A-CC8631D85F95}.Release|Any CPU.ActiveCfg = Release|Any CPU
		{B23FC4C0-162B-4EB7-9F7A-CC8631D85F95}.Release|Any CPU.Build.0 = Release|Any CPU
		{688ACFAA-E88D-43F4-88AA-6A065B82F5BB}.Debug|Any CPU.ActiveCfg = Debug|Any CPU
		{688ACFAA-E88D-43F4-88AA-6A065B82F5BB}.Debug|Any CPU.Build.0 = Debug|Any CPU
		{688ACFAA-E88D-43F4-88AA-6A065B82F5BB}.Release|Any CPU.ActiveCfg = Release|Any CPU
		{688ACFAA-E88D-43F4-88AA-6A065B82F5BB}.Release|Any CPU.Build.0 = Release|Any CPU
		{B09EBF0A-A19C-45EA-8634-7A11DC186103}.Debug|Any CPU.ActiveCfg = Debug|Any CPU
		{B09EBF0A-A19C-45EA-8634-7A11DC186103}.Debug|Any CPU.Build.0 = Debug|Any CPU
		{B09EBF0A-A19C-45EA-8634-7A11DC186103}.Release|Any CPU.ActiveCfg = Release|Any CPU
		{B09EBF0A-A19C-45EA-8634-7A11DC186103}.Release|Any CPU.Build.0 = Release|Any CPU
		{C02683BB-C2E2-4414-928E-357031EB7CFC}.Debug|Any CPU.ActiveCfg = Debug|Any CPU
		{C02683BB-C2E2-4414-928E-357031EB7CFC}.Debug|Any CPU.Build.0 = Debug|Any CPU
		{C02683BB-C2E2-4414-928E-357031EB7CFC}.Release|Any CPU.ActiveCfg = Release|Any CPU
		{C02683BB-C2E2-4414-928E-357031EB7CFC}.Release|Any CPU.Build.0 = Release|Any CPU
		{9DEC79AC-BF29-42A2-85D0-29AA01744BA6}.Debug|Any CPU.ActiveCfg = Debug|Any CPU
		{9DEC79AC-BF29-42A2-85D0-29AA01744BA6}.Debug|Any CPU.Build.0 = Debug|Any CPU
		{9DEC79AC-BF29-42A2-85D0-29AA01744BA6}.Release|Any CPU.ActiveCfg = Release|Any CPU
		{9DEC79AC-BF29-42A2-85D0-29AA01744BA6}.Release|Any CPU.Build.0 = Release|Any CPU
		{10A194F9-2EE7-4A79-813F-E5EDB9C8384E}.Debug|Any CPU.ActiveCfg = Debug|Any CPU
		{10A194F9-2EE7-4A79-813F-E5EDB9C8384E}.Debug|Any CPU.Build.0 = Debug|Any CPU
		{10A194F9-2EE7-4A79-813F-E5EDB9C8384E}.Release|Any CPU.ActiveCfg = Release|Any CPU
		{10A194F9-2EE7-4A79-813F-E5EDB9C8384E}.Release|Any CPU.Build.0 = Release|Any CPU
		{338D5E7E-EBE7-45E2-BE73-0FC802FC4019}.Debug|Any CPU.ActiveCfg = Debug|Any CPU
		{338D5E7E-EBE7-45E2-BE73-0FC802FC4019}.Debug|Any CPU.Build.0 = Debug|Any CPU
		{338D5E7E-EBE7-45E2-BE73-0FC802FC4019}.Release|Any CPU.ActiveCfg = Release|Any CPU
		{338D5E7E-EBE7-45E2-BE73-0FC802FC4019}.Release|Any CPU.Build.0 = Release|Any CPU
	EndGlobalSection
	GlobalSection(SolutionProperties) = preSolution
		HideSolutionNode = FALSE
	EndGlobalSection
	GlobalSection(NestedProjects) = preSolution
		{AC2F7F62-D5C8-4BEE-BDD9-6C51E44C5682} = {AB571DB7-9CD8-4B28-B42A-0E266727EB4E}
		{7A5EA8A9-7468-4655-B022-DEDCDCBEEEE4} = {73764B87-25AB-46B6-B9BD-62BDB8DFF29C}
		{F9B4C4B3-4BFA-42D5-A9E3-4B16BD120C01} = {73764B87-25AB-46B6-B9BD-62BDB8DFF29C}
		{174A753F-0620-4237-BDFD-46E1D9475103} = {73764B87-25AB-46B6-B9BD-62BDB8DFF29C}
		{892CD86F-5477-4AFC-A069-301ACCABF8CF} = {D95A678D-E8F3-4A14-906A-77E09FB752BD}
		{701E5E59-9CE4-45C0-88D2-0C6BF84CAC56} = {D95A678D-E8F3-4A14-906A-77E09FB752BD}
		{71E53473-59D5-429B-92FD-50862AB3D2A5} = {892CD86F-5477-4AFC-A069-301ACCABF8CF}
		{DCB36858-CD6F-457D-9AC2-E6A4171EAD2E} = {701E5E59-9CE4-45C0-88D2-0C6BF84CAC56}
		{0374CA17-8B89-447B-9095-D065808AEC75} = {701E5E59-9CE4-45C0-88D2-0C6BF84CAC56}
		{23AAA937-F2DF-4E2D-9A74-EFF6065C7757} = {892CD86F-5477-4AFC-A069-301ACCABF8CF}
		{4F2E81D4-59DB-4E41-BA42-3AE9FC2F5C4C} = {701E5E59-9CE4-45C0-88D2-0C6BF84CAC56}
		{D35BEAA7-322D-4FEE-95B4-48F71828DA21} = {892CD86F-5477-4AFC-A069-301ACCABF8CF}
		{9E53F5CE-B53D-4FDA-AF47-79F834D7FD61} = {892CD86F-5477-4AFC-A069-301ACCABF8CF}
		{688ACFAA-E88D-43F4-88AA-6A065B82F5BB} = {701E5E59-9CE4-45C0-88D2-0C6BF84CAC56}
		{E604EA36-76D5-48B3-85B2-B63DF55F6B28} = {701E5E59-9CE4-45C0-88D2-0C6BF84CAC56}
		{691570C1-D483-400F-B549-BE320A9C0F2C} = {484F1C17-5C01-4208-B01A-F5A4EDDA88E5}
		{B5D9D39F-9186-4EA2-A49E-38E791D33D9B} = {D95A678D-E8F3-4A14-906A-77E09FB752BD}
		{3B4A0D27-BDA5-4D2E-AE86-B6007996257C} = {AB571DB7-9CD8-4B28-B42A-0E266727EB4E}
		{C02683BB-C2E2-4414-928E-357031EB7CFC} = {3B4A0D27-BDA5-4D2E-AE86-B6007996257C}
		{9DEC79AC-BF29-42A2-85D0-29AA01744BA6} = {3B4A0D27-BDA5-4D2E-AE86-B6007996257C}
		{B09EBF0A-A19C-45EA-8634-7A11DC186103} = {3B4A0D27-BDA5-4D2E-AE86-B6007996257C}
		{887D7908-EA6A-43A0-86A4-FC7C5C945198} = {5E937C74-6FC6-4F91-84B8-A086FB3A106C}
		{B23FC4C0-162B-4EB7-9F7A-CC8631D85F95} = {887D7908-EA6A-43A0-86A4-FC7C5C945198}
		{F08BE693-42BA-4823-9DBB-E0BD0972AB7B} = {5E937C74-6FC6-4F91-84B8-A086FB3A106C}
		{82AAF288-AF8E-4F96-9833-1414985B9FEB} = {F08BE693-42BA-4823-9DBB-E0BD0972AB7B}
		{B3DB32DD-A20A-49B0-8DAE-156078F73915} = {F08BE693-42BA-4823-9DBB-E0BD0972AB7B}
		{CAC223F6-EC8D-44BD-BEB3-198141F9AD1F} = {484F1C17-5C01-4208-B01A-F5A4EDDA88E5}
		{FD5E1E31-BF49-4443-A167-2175797280EC} = {CAC223F6-EC8D-44BD-BEB3-198141F9AD1F}
		{8AB51967-84D5-4EA1-BD68-F18F1F5BDA48} = {CAC223F6-EC8D-44BD-BEB3-198141F9AD1F}
		{2F88047E-4268-43EF-A448-EA7123B1FB76} = {CAC223F6-EC8D-44BD-BEB3-198141F9AD1F}
		{4CB7DB23-C092-4815-B930-105C08E7B14B} = {CAC223F6-EC8D-44BD-BEB3-198141F9AD1F}
		{D78C0111-1A32-45BD-8D51-5CFC5FE8254A} = {CAC223F6-EC8D-44BD-BEB3-198141F9AD1F}
		{25AA9CD7-E622-47C9-88A0-3659C28176BD} = {CAC223F6-EC8D-44BD-BEB3-198141F9AD1F}
		{C79464C5-C321-4858-92F2-5BD1F547A308} = {D95A678D-E8F3-4A14-906A-77E09FB752BD}
		{10A194F9-2EE7-4A79-813F-E5EDB9C8384E} = {CAC223F6-EC8D-44BD-BEB3-198141F9AD1F}
		{338D5E7E-EBE7-45E2-BE73-0FC802FC4019} = {3B4A0D27-BDA5-4D2E-AE86-B6007996257C}
	EndGlobalSection
	GlobalSection(ExtensibilityGlobals) = postSolution
		SolutionGuid = {EC6C8F85-99C9-4B88-ADD1-00937B62E4F2}
	EndGlobalSection
EndGlobal
