
Microsoft Visual Studio Solution File, Format Version 12.00
# Visual Studio Version 16
VisualStudioVersion = 16.0.30320.27
MinimumVisualStudioVersion = 10.0.40219.1
Project("{2150E333-8FDC-42A3-9474-1A3956D46DE8}") = "HardwareAbstractionLayer", "HardwareAbstractionLayer", "{73764B87-25AB-46B6-B9BD-62BDB8DFF29C}"
EndProject
Project("{9A19103F-16F7-4668-BE54-9A1E7A4F7556}") = "HAL.ControlLine", "HAL.ControlLine\HAL.ControlLine.csproj", "{174A753F-0620-4237-BDFD-46E1D9475103}"
EndProject
Project("{2150E333-8FDC-42A3-9474-1A3956D46DE8}") = "Bootstrapping", "Bootstrapping", "{AB571DB7-9CD8-4B28-B42A-0E266727EB4E}"
EndProject
Project("{FAE04EC0-301F-11D3-BF4B-00C04F79EFBC}") = "Bootstrapping.Main", "Bootstrapping.Main\Bootstrapping.Main.csproj", "{AC2F7F62-D5C8-4BEE-BDD9-6C51E44C5682}"
EndProject
Project("{FAE04EC0-301F-11D3-BF4B-00C04F79EFBC}") = "HAL.ControlLine.Tests.Unit", "HAL.ControlLine.Tests.Unit\HAL.ControlLine.Tests.Unit.csproj", "{71E53473-59D5-429B-92FD-50862AB3D2A5}"
EndProject
Project("{FAE04EC0-301F-11D3-BF4B-00C04F79EFBC}") = "Crosscutting.Enviroment", "Crosscutting.Enviroment\Crosscutting.Enviroment.csproj", "{691570C1-D483-400F-B549-BE320A9C0F2C}"
EndProject
Project("{2150E333-8FDC-42A3-9474-1A3956D46DE8}") = "Crosscutting", "Crosscutting", "{484F1C17-5C01-4208-B01A-F5A4EDDA88E5}"
EndProject
Project("{FAE04EC0-301F-11D3-BF4B-00C04F79EFBC}") = "Crosscutting.CodeContracts", "Crosscutting.CodeContracts\Crosscutting.CodeContracts.csproj", "{FD5E1E31-BF49-4443-A167-2175797280EC}"
EndProject
Project("{FAE04EC0-301F-11D3-BF4B-00C04F79EFBC}") = "Crosscutting.UnitTest", "Crosscutting.UnitTest\Crosscutting.UnitTest.csproj", "{25AA9CD7-E622-47C9-88A0-3659C28176BD}"
EndProject
Project("{FAE04EC0-301F-11D3-BF4B-00C04F79EFBC}") = "HAL.Fakes.FakeHardwareComs", "HAL.Fakes.FakeHardwareComs\HAL.Fakes.FakeHardwareComs.csproj", "{B5D9D39F-9186-4EA2-A49E-38E791D33D9B}"
EndProject
Project("{FAE04EC0-301F-11D3-BF4B-00C04F79EFBC}") = "Crosscutting.Sockets", "Crosscutting.Sockets\Crosscutting.Sockets.csproj", "{4CB7DB23-C092-4815-B930-105C08E7B14B}"
EndProject
Project("{FAE04EC0-301F-11D3-BF4B-00C04F79EFBC}") = "Crosscutting.Threading", "Crosscutting.Threading\Crosscutting.Threading.csproj", "{D78C0111-1A32-45BD-8D51-5CFC5FE8254A}"
EndProject
Project("{FAE04EC0-301F-11D3-BF4B-00C04F79EFBC}") = "HAL.FakeHardwareComs.Tests.Integration", "HAL.FakeHardwareComs.Tests.Integration\HAL.FakeHardwareComs.Tests.Integration.csproj", "{0374CA17-8B89-447B-9095-D065808AEC75}"
EndProject
Project("{FAE04EC0-301F-11D3-BF4B-00C04F79EFBC}") = "HAL.ControlLine.Tests.Integration", "HAL.ControlLine.Tests.Integration\HAL.ControlLine.Tests.Integration.csproj", "{DCB36858-CD6F-457D-9AC2-E6A4171EAD2E}"
EndProject
Project("{FAE04EC0-301F-11D3-BF4B-00C04F79EFBC}") = "HAL.Operations", "HAL.Operations\HAL.Operations.csproj", "{7A5EA8A9-7468-4655-B022-DEDCDCBEEEE4}"
EndProject
Project("{FAE04EC0-301F-11D3-BF4B-00C04F79EFBC}") = "HAL.Operations.Tests.Unit", "HAL.Operations.Tests.Unit\HAL.Operations.Tests.Unit.csproj", "{23AAA937-F2DF-4E2D-9A74-EFF6065C7757}"
EndProject
Project("{FAE04EC0-301F-11D3-BF4B-00C04F79EFBC}") = "HAL.Models", "HAL.Models\HAL.Models.csproj", "{F9B4C4B3-4BFA-42D5-A9E3-4B16BD120C01}"
EndProject
Project("{FAE04EC0-301F-11D3-BF4B-00C04F79EFBC}") = "HAL.Operations.Tests.Integration", "HAL.Operations.Tests.Integration\HAL.Operations.Tests.Integration.csproj", "{4F2E81D4-59DB-4E41-BA42-3AE9FC2F5C4C}"
EndProject
Project("{2150E333-8FDC-42A3-9474-1A3956D46DE8}") = "BusinessLogicLayer", "BusinessLogicLayer", "{5E937C74-6FC6-4F91-84B8-A086FB3A106C}"
EndProject
Project("{2150E333-8FDC-42A3-9474-1A3956D46DE8}") = "BLL.HardwareModules", "BLL.HardwareModules", "{AD40E528-B6A6-4E9E-A1CD-6FAC34229521}"
EndProject
Project("{2150E333-8FDC-42A3-9474-1A3956D46DE8}") = "BLL.FunctionalModules", "BLL.FunctionalModules", "{90AB9296-98A9-4D2A-92BF-146CA9A0BA27}"
EndProject
Project("{FAE04EC0-301F-11D3-BF4B-00C04F79EFBC}") = "BLL.HardwareModules.Door", "BLL.HardwareModules.Door\BLL.HardwareModules.Door.csproj", "{82AAF288-AF8E-4F96-9833-1414985B9FEB}"
EndProject
Project("{FAE04EC0-301F-11D3-BF4B-00C04F79EFBC}") = "Crosscutting.Sequencing", "Crosscutting.Sequencing\Crosscutting.Sequencing.csproj", "{2F88047E-4268-43EF-A448-EA7123B1FB76}"
EndProject
Project("{FAE04EC0-301F-11D3-BF4B-00C04F79EFBC}") = "BLL.HardwareModules.Door.Tests.Unit", "BLL.HardwareModules.Door.Tests.Unit\BLL.HardwareModules.Door.Tests.Unit.csproj", "{D35BEAA7-322D-4FEE-95B4-48F71828DA21}"
EndProject
Project("{FAE04EC0-301F-11D3-BF4B-00C04F79EFBC}") = "BLL.HardwareModules.Light.Tests.Unit", "BLL.HardwareModules.Light.Tests.Unit\BLL.HardwareModules.Light.Tests.Unit.csproj", "{9E53F5CE-B53D-4FDA-AF47-79F834D7FD61}"
EndProject
Project("{FAE04EC0-301F-11D3-BF4B-00C04F79EFBC}") = "BLL.HardwareModules.Light", "BLL.HardwareModules.Light\BLL.HardwareModules.Light.csproj", "{B3DB32DD-A20A-49B0-8DAE-156078F73915}"
EndProject
Project("{FAE04EC0-301F-11D3-BF4B-00C04F79EFBC}") = "Crosscutting.Sequencing.Tests.Integration", "Crosscutting.Sequencing.Tests.Integration\Crosscutting.Sequencing.Tests.Integration.csproj", "{E604EA36-76D5-48B3-85B2-B63DF55F6B28}"
EndProject
Project("{FAE04EC0-301F-11D3-BF4B-00C04F79EFBC}") = "Crosscutting.DateTime", "Crosscutting.DateTime\Crosscutting.DateTime.csproj", "{8AB51967-84D5-4EA1-BD68-F18F1F5BDA48}"
EndProject
Project("{FAE04EC0-301F-11D3-BF4B-00C04F79EFBC}") = "BLL.FunctionalModules.Door", "BLL.FunctionalModules.Door\BLL.FunctionalModules.Door.csproj", "{B23FC4C0-162B-4EB7-9F7A-CC8631D85F95}"
EndProject
Project("{FAE04EC0-301F-11D3-BF4B-00C04F79EFBC}") = "BLL.FunctionalModules.Door.Tests.Integration", "BLL.FunctionalModules.Door.Tests.Integration\BLL.FunctionalModules.Door.Tests.Integration.csproj", "{688ACFAA-E88D-43F4-88AA-6A065B82F5BB}"
EndProject
Project("{2150E333-8FDC-42A3-9474-1A3956D46DE8}") = "Tests", "Tests", "{D95A678D-E8F3-4A14-906A-77E09FB752BD}"
EndProject
Project("{2150E333-8FDC-42A3-9474-1A3956D46DE8}") = "Tests.Unit", "Tests.Unit", "{892CD86F-5477-4AFC-A069-301ACCABF8CF}"
EndProject
Project("{2150E333-8FDC-42A3-9474-1A3956D46DE8}") = "Tests.Integration", "Tests.Integration", "{701E5E59-9CE4-45C0-88D2-0C6BF84CAC56}"
EndProject
Global
	GlobalSection(SolutionConfigurationPlatforms) = preSolution
		Debug|Any CPU = Debug|Any CPU
		Release|Any CPU = Release|Any CPU
	EndGlobalSection
	GlobalSection(ProjectConfigurationPlatforms) = postSolution
		{174A753F-0620-4237-BDFD-46E1D9475103}.Debug|Any CPU.ActiveCfg = Debug|Any CPU
		{174A753F-0620-4237-BDFD-46E1D9475103}.Debug|Any CPU.Build.0 = Debug|Any CPU
		{174A753F-0620-4237-BDFD-46E1D9475103}.Release|Any CPU.ActiveCfg = Release|Any CPU
		{174A753F-0620-4237-BDFD-46E1D9475103}.Release|Any CPU.Build.0 = Release|Any CPU
		{AC2F7F62-D5C8-4BEE-BDD9-6C51E44C5682}.Debug|Any CPU.ActiveCfg = Debug|Any CPU
		{AC2F7F62-D5C8-4BEE-BDD9-6C51E44C5682}.Debug|Any CPU.Build.0 = Debug|Any CPU
		{AC2F7F62-D5C8-4BEE-BDD9-6C51E44C5682}.Release|Any CPU.ActiveCfg = Release|Any CPU
		{AC2F7F62-D5C8-4BEE-BDD9-6C51E44C5682}.Release|Any CPU.Build.0 = Release|Any CPU
		{71E53473-59D5-429B-92FD-50862AB3D2A5}.Debug|Any CPU.ActiveCfg = Debug|Any CPU
		{71E53473-59D5-429B-92FD-50862AB3D2A5}.Debug|Any CPU.Build.0 = Debug|Any CPU
		{71E53473-59D5-429B-92FD-50862AB3D2A5}.Release|Any CPU.ActiveCfg = Release|Any CPU
		{71E53473-59D5-429B-92FD-50862AB3D2A5}.Release|Any CPU.Build.0 = Release|Any CPU
		{691570C1-D483-400F-B549-BE320A9C0F2C}.Debug|Any CPU.ActiveCfg = Debug|Any CPU
		{691570C1-D483-400F-B549-BE320A9C0F2C}.Debug|Any CPU.Build.0 = Debug|Any CPU
		{691570C1-D483-400F-B549-BE320A9C0F2C}.Release|Any CPU.ActiveCfg = Release|Any CPU
		{691570C1-D483-400F-B549-BE320A9C0F2C}.Release|Any CPU.Build.0 = Release|Any CPU
		{FD5E1E31-BF49-4443-A167-2175797280EC}.Debug|Any CPU.ActiveCfg = Debug|Any CPU
		{FD5E1E31-BF49-4443-A167-2175797280EC}.Debug|Any CPU.Build.0 = Debug|Any CPU
		{FD5E1E31-BF49-4443-A167-2175797280EC}.Release|Any CPU.ActiveCfg = Release|Any CPU
		{FD5E1E31-BF49-4443-A167-2175797280EC}.Release|Any CPU.Build.0 = Release|Any CPU
		{25AA9CD7-E622-47C9-88A0-3659C28176BD}.Debug|Any CPU.ActiveCfg = Debug|Any CPU
		{25AA9CD7-E622-47C9-88A0-3659C28176BD}.Debug|Any CPU.Build.0 = Debug|Any CPU
		{25AA9CD7-E622-47C9-88A0-3659C28176BD}.Release|Any CPU.ActiveCfg = Release|Any CPU
		{25AA9CD7-E622-47C9-88A0-3659C28176BD}.Release|Any CPU.Build.0 = Release|Any CPU
		{B5D9D39F-9186-4EA2-A49E-38E791D33D9B}.Debug|Any CPU.ActiveCfg = Debug|Any CPU
		{B5D9D39F-9186-4EA2-A49E-38E791D33D9B}.Debug|Any CPU.Build.0 = Debug|Any CPU
		{B5D9D39F-9186-4EA2-A49E-38E791D33D9B}.Release|Any CPU.ActiveCfg = Release|Any CPU
		{B5D9D39F-9186-4EA2-A49E-38E791D33D9B}.Release|Any CPU.Build.0 = Release|Any CPU
		{4CB7DB23-C092-4815-B930-105C08E7B14B}.Debug|Any CPU.ActiveCfg = Debug|Any CPU
		{4CB7DB23-C092-4815-B930-105C08E7B14B}.Debug|Any CPU.Build.0 = Debug|Any CPU
		{4CB7DB23-C092-4815-B930-105C08E7B14B}.Release|Any CPU.ActiveCfg = Release|Any CPU
		{4CB7DB23-C092-4815-B930-105C08E7B14B}.Release|Any CPU.Build.0 = Release|Any CPU
		{D78C0111-1A32-45BD-8D51-5CFC5FE8254A}.Debug|Any CPU.ActiveCfg = Debug|Any CPU
		{D78C0111-1A32-45BD-8D51-5CFC5FE8254A}.Debug|Any CPU.Build.0 = Debug|Any CPU
		{D78C0111-1A32-45BD-8D51-5CFC5FE8254A}.Release|Any CPU.ActiveCfg = Release|Any CPU
		{D78C0111-1A32-45BD-8D51-5CFC5FE8254A}.Release|Any CPU.Build.0 = Release|Any CPU
		{0374CA17-8B89-447B-9095-D065808AEC75}.Debug|Any CPU.ActiveCfg = Debug|Any CPU
		{0374CA17-8B89-447B-9095-D065808AEC75}.Debug|Any CPU.Build.0 = Debug|Any CPU
		{0374CA17-8B89-447B-9095-D065808AEC75}.Release|Any CPU.ActiveCfg = Release|Any CPU
		{0374CA17-8B89-447B-9095-D065808AEC75}.Release|Any CPU.Build.0 = Release|Any CPU
		{DCB36858-CD6F-457D-9AC2-E6A4171EAD2E}.Debug|Any CPU.ActiveCfg = Debug|Any CPU
		{DCB36858-CD6F-457D-9AC2-E6A4171EAD2E}.Debug|Any CPU.Build.0 = Debug|Any CPU
		{DCB36858-CD6F-457D-9AC2-E6A4171EAD2E}.Release|Any CPU.ActiveCfg = Release|Any CPU
		{DCB36858-CD6F-457D-9AC2-E6A4171EAD2E}.Release|Any CPU.Build.0 = Release|Any CPU
		{7A5EA8A9-7468-4655-B022-DEDCDCBEEEE4}.Debug|Any CPU.ActiveCfg = Debug|Any CPU
		{7A5EA8A9-7468-4655-B022-DEDCDCBEEEE4}.Debug|Any CPU.Build.0 = Debug|Any CPU
		{7A5EA8A9-7468-4655-B022-DEDCDCBEEEE4}.Release|Any CPU.ActiveCfg = Release|Any CPU
		{7A5EA8A9-7468-4655-B022-DEDCDCBEEEE4}.Release|Any CPU.Build.0 = Release|Any CPU
		{23AAA937-F2DF-4E2D-9A74-EFF6065C7757}.Debug|Any CPU.ActiveCfg = Debug|Any CPU
		{23AAA937-F2DF-4E2D-9A74-EFF6065C7757}.Debug|Any CPU.Build.0 = Debug|Any CPU
		{23AAA937-F2DF-4E2D-9A74-EFF6065C7757}.Release|Any CPU.ActiveCfg = Release|Any CPU
		{23AAA937-F2DF-4E2D-9A74-EFF6065C7757}.Release|Any CPU.Build.0 = Release|Any CPU
		{F9B4C4B3-4BFA-42D5-A9E3-4B16BD120C01}.Debug|Any CPU.ActiveCfg = Debug|Any CPU
		{F9B4C4B3-4BFA-42D5-A9E3-4B16BD120C01}.Debug|Any CPU.Build.0 = Debug|Any CPU
		{F9B4C4B3-4BFA-42D5-A9E3-4B16BD120C01}.Release|Any CPU.ActiveCfg = Release|Any CPU
		{F9B4C4B3-4BFA-42D5-A9E3-4B16BD120C01}.Release|Any CPU.Build.0 = Release|Any CPU
		{4F2E81D4-59DB-4E41-BA42-3AE9FC2F5C4C}.Debug|Any CPU.ActiveCfg = Debug|Any CPU
		{4F2E81D4-59DB-4E41-BA42-3AE9FC2F5C4C}.Debug|Any CPU.Build.0 = Debug|Any CPU
		{4F2E81D4-59DB-4E41-BA42-3AE9FC2F5C4C}.Release|Any CPU.ActiveCfg = Release|Any CPU
		{4F2E81D4-59DB-4E41-BA42-3AE9FC2F5C4C}.Release|Any CPU.Build.0 = Release|Any CPU
		{82AAF288-AF8E-4F96-9833-1414985B9FEB}.Debug|Any CPU.ActiveCfg = Debug|Any CPU
		{82AAF288-AF8E-4F96-9833-1414985B9FEB}.Debug|Any CPU.Build.0 = Debug|Any CPU
		{82AAF288-AF8E-4F96-9833-1414985B9FEB}.Release|Any CPU.ActiveCfg = Release|Any CPU
		{82AAF288-AF8E-4F96-9833-1414985B9FEB}.Release|Any CPU.Build.0 = Release|Any CPU
		{2F88047E-4268-43EF-A448-EA7123B1FB76}.Debug|Any CPU.ActiveCfg = Debug|Any CPU
		{2F88047E-4268-43EF-A448-EA7123B1FB76}.Debug|Any CPU.Build.0 = Debug|Any CPU
		{2F88047E-4268-43EF-A448-EA7123B1FB76}.Release|Any CPU.ActiveCfg = Release|Any CPU
		{2F88047E-4268-43EF-A448-EA7123B1FB76}.Release|Any CPU.Build.0 = Release|Any CPU
		{D35BEAA7-322D-4FEE-95B4-48F71828DA21}.Debug|Any CPU.ActiveCfg = Debug|Any CPU
		{D35BEAA7-322D-4FEE-95B4-48F71828DA21}.Debug|Any CPU.Build.0 = Debug|Any CPU
		{D35BEAA7-322D-4FEE-95B4-48F71828DA21}.Release|Any CPU.ActiveCfg = Release|Any CPU
		{D35BEAA7-322D-4FEE-95B4-48F71828DA21}.Release|Any CPU.Build.0 = Release|Any CPU
		{9E53F5CE-B53D-4FDA-AF47-79F834D7FD61}.Debug|Any CPU.ActiveCfg = Debug|Any CPU
		{9E53F5CE-B53D-4FDA-AF47-79F834D7FD61}.Debug|Any CPU.Build.0 = Debug|Any CPU
		{9E53F5CE-B53D-4FDA-AF47-79F834D7FD61}.Release|Any CPU.ActiveCfg = Release|Any CPU
		{9E53F5CE-B53D-4FDA-AF47-79F834D7FD61}.Release|Any CPU.Build.0 = Release|Any CPU
		{B3DB32DD-A20A-49B0-8DAE-156078F73915}.Debug|Any CPU.ActiveCfg = Debug|Any CPU
		{B3DB32DD-A20A-49B0-8DAE-156078F73915}.Debug|Any CPU.Build.0 = Debug|Any CPU
		{B3DB32DD-A20A-49B0-8DAE-156078F73915}.Release|Any CPU.ActiveCfg = Release|Any CPU
		{B3DB32DD-A20A-49B0-8DAE-156078F73915}.Release|Any CPU.Build.0 = Release|Any CPU
		{E604EA36-76D5-48B3-85B2-B63DF55F6B28}.Debug|Any CPU.ActiveCfg = Debug|Any CPU
		{E604EA36-76D5-48B3-85B2-B63DF55F6B28}.Debug|Any CPU.Build.0 = Debug|Any CPU
		{E604EA36-76D5-48B3-85B2-B63DF55F6B28}.Release|Any CPU.ActiveCfg = Release|Any CPU
		{E604EA36-76D5-48B3-85B2-B63DF55F6B28}.Release|Any CPU.Build.0 = Release|Any CPU
		{8AB51967-84D5-4EA1-BD68-F18F1F5BDA48}.Debug|Any CPU.ActiveCfg = Debug|Any CPU
		{8AB51967-84D5-4EA1-BD68-F18F1F5BDA48}.Debug|Any CPU.Build.0 = Debug|Any CPU
		{8AB51967-84D5-4EA1-BD68-F18F1F5BDA48}.Release|Any CPU.ActiveCfg = Release|Any CPU
		{8AB51967-84D5-4EA1-BD68-F18F1F5BDA48}.Release|Any CPU.Build.0 = Release|Any CPU
		{B23FC4C0-162B-4EB7-9F7A-CC8631D85F95}.Debug|Any CPU.ActiveCfg = Debug|Any CPU
		{B23FC4C0-162B-4EB7-9F7A-CC8631D85F95}.Debug|Any CPU.Build.0 = Debug|Any CPU
		{B23FC4C0-162B-4EB7-9F7A-CC8631D85F95}.Release|Any CPU.ActiveCfg = Release|Any CPU
		{B23FC4C0-162B-4EB7-9F7A-CC8631D85F95}.Release|Any CPU.Build.0 = Release|Any CPU
		{688ACFAA-E88D-43F4-88AA-6A065B82F5BB}.Debug|Any CPU.ActiveCfg = Debug|Any CPU
		{688ACFAA-E88D-43F4-88AA-6A065B82F5BB}.Debug|Any CPU.Build.0 = Debug|Any CPU
		{688ACFAA-E88D-43F4-88AA-6A065B82F5BB}.Release|Any CPU.ActiveCfg = Release|Any CPU
		{688ACFAA-E88D-43F4-88AA-6A065B82F5BB}.Release|Any CPU.Build.0 = Release|Any CPU
	EndGlobalSection
	GlobalSection(SolutionProperties) = preSolution
		HideSolutionNode = FALSE
	EndGlobalSection
	GlobalSection(NestedProjects) = preSolution
		{AC2F7F62-D5C8-4BEE-BDD9-6C51E44C5682} = {AB571DB7-9CD8-4B28-B42A-0E266727EB4E}
		{FD5E1E31-BF49-4443-A167-2175797280EC} = {484F1C17-5C01-4208-B01A-F5A4EDDA88E5}
		{25AA9CD7-E622-47C9-88A0-3659C28176BD} = {484F1C17-5C01-4208-B01A-F5A4EDDA88E5}
		{4CB7DB23-C092-4815-B930-105C08E7B14B} = {484F1C17-5C01-4208-B01A-F5A4EDDA88E5}
		{D78C0111-1A32-45BD-8D51-5CFC5FE8254A} = {484F1C17-5C01-4208-B01A-F5A4EDDA88E5}
		{7A5EA8A9-7468-4655-B022-DEDCDCBEEEE4} = {73764B87-25AB-46B6-B9BD-62BDB8DFF29C}
		{F9B4C4B3-4BFA-42D5-A9E3-4B16BD120C01} = {73764B87-25AB-46B6-B9BD-62BDB8DFF29C}
		{AD40E528-B6A6-4E9E-A1CD-6FAC34229521} = {5E937C74-6FC6-4F91-84B8-A086FB3A106C}
		{90AB9296-98A9-4D2A-92BF-146CA9A0BA27} = {5E937C74-6FC6-4F91-84B8-A086FB3A106C}
		{82AAF288-AF8E-4F96-9833-1414985B9FEB} = {AD40E528-B6A6-4E9E-A1CD-6FAC34229521}
		{B3DB32DD-A20A-49B0-8DAE-156078F73915} = {AD40E528-B6A6-4E9E-A1CD-6FAC34229521}
		{8AB51967-84D5-4EA1-BD68-F18F1F5BDA48} = {484F1C17-5C01-4208-B01A-F5A4EDDA88E5}
		{B23FC4C0-162B-4EB7-9F7A-CC8631D85F95} = {90AB9296-98A9-4D2A-92BF-146CA9A0BA27}
		{691570C1-D483-400F-B549-BE320A9C0F2C} = {484F1C17-5C01-4208-B01A-F5A4EDDA88E5}
		{2F88047E-4268-43EF-A448-EA7123B1FB76} = {484F1C17-5C01-4208-B01A-F5A4EDDA88E5}
		{174A753F-0620-4237-BDFD-46E1D9475103} = {73764B87-25AB-46B6-B9BD-62BDB8DFF29C}
		{892CD86F-5477-4AFC-A069-301ACCABF8CF} = {D95A678D-E8F3-4A14-906A-77E09FB752BD}
		{701E5E59-9CE4-45C0-88D2-0C6BF84CAC56} = {D95A678D-E8F3-4A14-906A-77E09FB752BD}
		{71E53473-59D5-429B-92FD-50862AB3D2A5} = {892CD86F-5477-4AFC-A069-301ACCABF8CF}
		{DCB36858-CD6F-457D-9AC2-E6A4171EAD2E} = {701E5E59-9CE4-45C0-88D2-0C6BF84CAC56}
		{B5D9D39F-9186-4EA2-A49E-38E791D33D9B} = {701E5E59-9CE4-45C0-88D2-0C6BF84CAC56}
		{0374CA17-8B89-447B-9095-D065808AEC75} = {701E5E59-9CE4-45C0-88D2-0C6BF84CAC56}
		{23AAA937-F2DF-4E2D-9A74-EFF6065C7757} = {892CD86F-5477-4AFC-A069-301ACCABF8CF}
		{4F2E81D4-59DB-4E41-BA42-3AE9FC2F5C4C} = {701E5E59-9CE4-45C0-88D2-0C6BF84CAC56}
		{D35BEAA7-322D-4FEE-95B4-48F71828DA21} = {892CD86F-5477-4AFC-A069-301ACCABF8CF}
		{9E53F5CE-B53D-4FDA-AF47-79F834D7FD61} = {892CD86F-5477-4AFC-A069-301ACCABF8CF}
		{688ACFAA-E88D-43F4-88AA-6A065B82F5BB} = {701E5E59-9CE4-45C0-88D2-0C6BF84CAC56}
		{E604EA36-76D5-48B3-85B2-B63DF55F6B28} = {701E5E59-9CE4-45C0-88D2-0C6BF84CAC56}
	EndGlobalSection
	GlobalSection(ExtensibilityGlobals) = postSolution
		SolutionGuid = {EC6C8F85-99C9-4B88-ADD1-00937B62E4F2}
	EndGlobalSection
EndGlobal
